{
  "name": "sluzavka",
  "version": "1.0.0",
  "lockfileVersion": 2,
  "requires": true,
  "packages": {
    "": {
      "dependencies": {
        "csv": "^6.2.8",
        "csv-load-sync": "^2.3.1",
        "csv-parse": "^5.3.6",
        "read-line": "^0.1.2"
      },
      "devDependencies": {
        "fs": "^0.0.1-security",
        "path": "^0.12.7"
      }
    },
    "node_modules/check-more-types": {
      "version": "2.24.0",
      "resolved": "https://registry.npmjs.org/check-more-types/-/check-more-types-2.24.0.tgz",
      "integrity": "sha512-Pj779qHxV2tuapviy1bSZNEL1maXr13bPYpsvSDB68HlYcYuhlDrmGd63i0JHMCLKzc7rUSNIrpdJlhVlNwrxA==",
      "engines": {
        "node": ">= 0.8.0"
      }
    },
    "node_modules/csv": {
      "version": "6.2.8",
      "resolved": "https://registry.npmjs.org/csv/-/csv-6.2.8.tgz",
      "integrity": "sha512-QGemEqFr5XgbHcufWwO+qnReFhClbd+6WywKDVqEXmRfGrJHl5fRrlphZUnsky2YAwcCxYJJilPUfaWbuBMfWA==",
      "dependencies": {
        "csv-generate": "^4.2.2",
        "csv-parse": "^5.3.6",
        "csv-stringify": "^6.3.0",
        "stream-transform": "^3.2.2"
      },
      "engines": {
        "node": ">= 0.1.90"
      }
    },
    "node_modules/csv-generate": {
      "version": "4.2.2",
      "resolved": "https://registry.npmjs.org/csv-generate/-/csv-generate-4.2.2.tgz",
      "integrity": "sha512-Ah/NcMxHMqwQsuL173yp8EOzHrbLh8iyScqTy990b+TJZNjHhy7gs5FfSmyQ2arLC2QVrueO3DYJVQnibJB3WQ=="
    },
    "node_modules/csv-load-sync": {
      "version": "2.3.1",
      "resolved": "https://registry.npmjs.org/csv-load-sync/-/csv-load-sync-2.3.1.tgz",
      "integrity": "sha512-oe8Ex/lwUwPY+7FGrGkfIHzihTNHJ9L3rLSZPLVoprT35Mk8DZ1MkLGsJWZjmMlseVyldLqFSWqFHtYsxr2jXQ==",
      "dependencies": {
        "check-more-types": "^2.10.0"
      }
    },
    "node_modules/csv-parse": {
      "version": "5.3.6",
      "resolved": "https://registry.npmjs.org/csv-parse/-/csv-parse-5.3.6.tgz",
      "integrity": "sha512-WI330GjCuEioK/ii8HM2YE/eV+ynpeLvU+RXw4R8bRU8R0laK5zO3fDsc4gH8s472e3Ga38rbIjCAiQh+tEHkw=="
    },
    "node_modules/csv-stringify": {
      "version": "6.3.0",
      "resolved": "https://registry.npmjs.org/csv-stringify/-/csv-stringify-6.3.0.tgz",
      "integrity": "sha512-kTnnBkkLmAR1G409aUdShppWUClNbBQZXhrKrXzKYBGw4yfROspiFvVmjbKonCrdGfwnqwMXKLQG7ej7K/jwjg=="
    },
    "node_modules/fs": {
      "version": "0.0.1-security",
      "resolved": "https://registry.npmjs.org/fs/-/fs-0.0.1-security.tgz",
      "integrity": "sha512-3XY9e1pP0CVEUCdj5BmfIZxRBTSDycnbqhIOGec9QYtmVH2fbLpj86CFWkrNOkt/Fvty4KZG5lTglL9j/gJ87w==",
      "dev": true
    },
    "node_modules/inherits": {
      "version": "2.0.3",
      "resolved": "https://registry.npmjs.org/inherits/-/inherits-2.0.3.tgz",
      "integrity": "sha512-x00IRNXNy63jwGkJmzPigoySHbaqpNuzKbBOmzK+g2OdZpQ9w+sxCN+VSB3ja7IAge2OP2qpfxTjeNcyjmW1uw==",
      "dev": true
    },
    "node_modules/path": {
      "version": "0.12.7",
      "resolved": "https://registry.npmjs.org/path/-/path-0.12.7.tgz",
      "integrity": "sha512-aXXC6s+1w7otVF9UletFkFcDsJeO7lSZBPUQhtb5O0xJe8LtYhj/GxldoL09bBj9+ZmE2hNoHqQSFMN5fikh4Q==",
      "dev": true,
      "dependencies": {
        "process": "^0.11.1",
        "util": "^0.10.3"
      }
    },
    "node_modules/process": {
      "version": "0.11.10",
      "resolved": "https://registry.npmjs.org/process/-/process-0.11.10.tgz",
      "integrity": "sha512-cdGef/drWFoydD1JsMzuFf8100nZl+GT+yacc2bEced5f9Rjk4z+WtFUTBu9PhOi9j/jfmBPu0mMEY4wIdAF8A==",
      "dev": true,
      "engines": {
        "node": ">= 0.6.0"
      }
    },
    "node_modules/read-line": {
      "version": "0.1.2",
      "resolved": "https://registry.npmjs.org/read-line/-/read-line-0.1.2.tgz",
      "integrity": "sha512-nvCGsua+3EIxge4GSGHgF4e8VAtLqic9aQZWe7sra2Xk3p6xmzO2oruoJYleIZMLklDV1PGQ1wztUMaNeM9kVw==",
      "engines": {
        "node": ">= 0.10.0"
      }
    },
    "node_modules/stream-transform": {
      "version": "3.2.2",
      "resolved": "https://registry.npmjs.org/stream-transform/-/stream-transform-3.2.2.tgz",
      "integrity": "sha512-DHZQPNxvjU2qdQlGcpitn8pkJHQVTqdshtgXaLz6Vc5VCAognbGuuwGS5ugeqGVnyw8j4h89QcV8cwm0D1+V0A=="
    },
    "node_modules/util": {
      "version": "0.10.4",
      "resolved": "https://registry.npmjs.org/util/-/util-0.10.4.tgz",
      "integrity": "sha512-0Pm9hTQ3se5ll1XihRic3FDIku70C+iHUdT/W926rSgHV5QgXsYbKZN8MSC3tJtSkhuROzvsQjAaFENRXr+19A==",
      "dev": true,
      "dependencies": {
        "inherits": "2.0.3"
      }
    }
  },
  "dependencies": {
    "check-more-types": {
      "version": "2.24.0",
      "resolved": "https://registry.npmjs.org/check-more-types/-/check-more-types-2.24.0.tgz",
      "integrity": "sha512-Pj779qHxV2tuapviy1bSZNEL1maXr13bPYpsvSDB68HlYcYuhlDrmGd63i0JHMCLKzc7rUSNIrpdJlhVlNwrxA=="
    },
    "csv": {
      "version": "6.2.8",
      "resolved": "https://registry.npmjs.org/csv/-/csv-6.2.8.tgz",
      "integrity": "sha512-QGemEqFr5XgbHcufWwO+qnReFhClbd+6WywKDVqEXmRfGrJHl5fRrlphZUnsky2YAwcCxYJJilPUfaWbuBMfWA==",
      "requires": {
        "csv-generate": "^4.2.2",
        "csv-parse": "^5.3.6",
        "csv-stringify": "^6.3.0",
        "stream-transform": "^3.2.2"
      }
    },
    "csv-generate": {
      "version": "4.2.2",
      "resolved": "https://registry.npmjs.org/csv-generate/-/csv-generate-4.2.2.tgz",
      "integrity": "sha512-Ah/NcMxHMqwQsuL173yp8EOzHrbLh8iyScqTy990b+TJZNjHhy7gs5FfSmyQ2arLC2QVrueO3DYJVQnibJB3WQ=="
    },
    "csv-load-sync": {
      "version": "2.3.1",
      "resolved": "https://registry.npmjs.org/csv-load-sync/-/csv-load-sync-2.3.1.tgz",
      "integrity": "sha512-oe8Ex/lwUwPY+7FGrGkfIHzihTNHJ9L3rLSZPLVoprT35Mk8DZ1MkLGsJWZjmMlseVyldLqFSWqFHtYsxr2jXQ==",
      "requires": {
        "check-more-types": "^2.10.0"
      }
    },
    "csv-parse": {
      "version": "5.3.6",
      "resolved": "https://registry.npmjs.org/csv-parse/-/csv-parse-5.3.6.tgz",
      "integrity": "sha512-WI330GjCuEioK/ii8HM2YE/eV+ynpeLvU+RXw4R8bRU8R0laK5zO3fDsc4gH8s472e3Ga38rbIjCAiQh+tEHkw=="
    },
    "csv-stringify": {
      "version": "6.3.0",
      "resolved": "https://registry.npmjs.org/csv-stringify/-/csv-stringify-6.3.0.tgz",
      "integrity": "sha512-kTnnBkkLmAR1G409aUdShppWUClNbBQZXhrKrXzKYBGw4yfROspiFvVmjbKonCrdGfwnqwMXKLQG7ej7K/jwjg=="
    },
    "fs": {
      "version": "0.0.1-security",
      "resolved": "https://registry.npmjs.org/fs/-/fs-0.0.1-security.tgz",
      "integrity": "sha512-3XY9e1pP0CVEUCdj5BmfIZxRBTSDycnbqhIOGec9QYtmVH2fbLpj86CFWkrNOkt/Fvty4KZG5lTglL9j/gJ87w==",
      "dev": true
    },
    "inherits": {
      "version": "2.0.3",
      "resolved": "https://registry.npmjs.org/inherits/-/inherits-2.0.3.tgz",
      "integrity": "sha512-x00IRNXNy63jwGkJmzPigoySHbaqpNuzKbBOmzK+g2OdZpQ9w+sxCN+VSB3ja7IAge2OP2qpfxTjeNcyjmW1uw==",
      "dev": true
    },
    "path": {
      "version": "0.12.7",
      "resolved": "https://registry.npmjs.org/path/-/path-0.12.7.tgz",
      "integrity": "sha512-aXXC6s+1w7otVF9UletFkFcDsJeO7lSZBPUQhtb5O0xJe8LtYhj/GxldoL09bBj9+ZmE2hNoHqQSFMN5fikh4Q==",
      "dev": true,
      "requires": {
        "process": "^0.11.1",
        "util": "^0.10.3"
      }
    },
    "process": {
      "version": "0.11.10",
      "resolved": "https://registry.npmjs.org/process/-/process-0.11.10.tgz",
      "integrity": "sha512-cdGef/drWFoydD1JsMzuFf8100nZl+GT+yacc2bEced5f9Rjk4z+WtFUTBu9PhOi9j/jfmBPu0mMEY4wIdAF8A==",
      "dev": true
    },
    "read-line": {
      "version": "0.1.2",
      "resolved": "https://registry.npmjs.org/read-line/-/read-line-0.1.2.tgz",
      "integrity": "sha512-nvCGsua+3EIxge4GSGHgF4e8VAtLqic9aQZWe7sra2Xk3p6xmzO2oruoJYleIZMLklDV1PGQ1wztUMaNeM9kVw=="
    },
    "stream-transform": {
      "version": "3.2.2",
      "resolved": "https://registry.npmjs.org/stream-transform/-/stream-transform-3.2.2.tgz",
      "integrity": "sha512-DHZQPNxvjU2qdQlGcpitn8pkJHQVTqdshtgXaLz6Vc5VCAognbGuuwGS5ugeqGVnyw8j4h89QcV8cwm0D1+V0A=="
    },
    "util": {
      "version": "0.10.4",
      "resolved": "https://registry.npmjs.org/util/-/util-0.10.4.tgz",
      "integrity": "sha512-0Pm9hTQ3se5ll1XihRic3FDIku70C+iHUdT/W926rSgHV5QgXsYbKZN8MSC3tJtSkhuROzvsQjAaFENRXr+19A==",
      "dev": true,
      "requires": {
        "inherits": "2.0.3"
      }
    }
  }
}
